// !$*UTF8*$!
{
	archiveVersion = 1;
	classes = {
	};
	objectVersion = 46;
	objects = {

/* Begin PBXBuildFile section */
		7F367C181D69E1C600B341A9 /* main.m in Sources */ = {isa = PBXBuildFile; fileRef = 7F367C171D69E1C600B341A9 /* main.m */; };
		7F367C1B1D69E1C600B341A9 /* AppDelegate.m in Sources */ = {isa = PBXBuildFile; fileRef = 7F367C1A1D69E1C600B341A9 /* AppDelegate.m */; };
		7F367C1E1D69E1C600B341A9 /* ViewController.m in Sources */ = {isa = PBXBuildFile; fileRef = 7F367C1D1D69E1C600B341A9 /* ViewController.m */; };
		7F367C211D69E1C600B341A9 /* Main.storyboard in Resources */ = {isa = PBXBuildFile; fileRef = 7F367C1F1D69E1C600B341A9 /* Main.storyboard */; };
		7F367C231D69E1C600B341A9 /* Assets.xcassets in Resources */ = {isa = PBXBuildFile; fileRef = 7F367C221D69E1C600B341A9 /* Assets.xcassets */; };
		7F367C261D69E1C600B341A9 /* LaunchScreen.storyboard in Resources */ = {isa = PBXBuildFile; fileRef = 7F367C241D69E1C600B341A9 /* LaunchScreen.storyboard */; };
		7F367C331D69ED8900B341A9 /* Venue.m in Sources */ = {isa = PBXBuildFile; fileRef = 7F367C321D69ED8900B341A9 /* Venue.m */; };
		7F367C361D69EEDB00B341A9 /* Event.m in Sources */ = {isa = PBXBuildFile; fileRef = 7F367C351D69EEDB00B341A9 /* Event.m */; };
		7F367C3C1D69EFD000B341A9 /* Gallery.m in Sources */ = {isa = PBXBuildFile; fileRef = 7F367C3B1D69EFD000B341A9 /* Gallery.m */; };
		7F367C3F1D69F1F700B341A9 /* Exhibition.m in Sources */ = {isa = PBXBuildFile; fileRef = 7F367C3E1D69F1F700B341A9 /* Exhibition.m */; };
		7F367C421D69FA6900B341A9 /* Masterpiece.m in Sources */ = {isa = PBXBuildFile; fileRef = 7F367C411D69FA6900B341A9 /* Masterpiece.m */; };
		7F62EAF71D7C93E6006BDA52 /* arrow@2x.png in Resources */ = {isa = PBXBuildFile; fileRef = 7F62EABC1D7C93E6006BDA52 /* arrow@2x.png */; };
		7F62EAF81D7C93E6006BDA52 /* arrow@3x.png in Resources */ = {isa = PBXBuildFile; fileRef = 7F62EABD1D7C93E6006BDA52 /* arrow@3x.png */; };
		7F62EAF91D7C93E6006BDA52 /* arrow_black@2x.png in Resources */ = {isa = PBXBuildFile; fileRef = 7F62EABF1D7C93E6006BDA52 /* arrow_black@2x.png */; };
		7F62EAFA1D7C93E6006BDA52 /* arrow_black@3x.png in Resources */ = {isa = PBXBuildFile; fileRef = 7F62EAC01D7C93E6006BDA52 /* arrow_black@3x.png */; };
		7F62EAFB1D7C93E6006BDA52 /* filter_arrow@2x.png in Resources */ = {isa = PBXBuildFile; fileRef = 7F62EAC21D7C93E6006BDA52 /* filter_arrow@2x.png */; };
		7F62EAFC1D7C93E6006BDA52 /* filter_arrow@3x.png in Resources */ = {isa = PBXBuildFile; fileRef = 7F62EAC31D7C93E6006BDA52 /* filter_arrow@3x.png */; };
		7F62EAFD1D7C93E6006BDA52 /* back@2x.png in Resources */ = {isa = PBXBuildFile; fileRef = 7F62EAC51D7C93E6006BDA52 /* back@2x.png */; };
		7F62EAFE1D7C93E6006BDA52 /* back@3x.png in Resources */ = {isa = PBXBuildFile; fileRef = 7F62EAC61D7C93E6006BDA52 /* back@3x.png */; };
		7F62EAFF1D7C93E6006BDA52 /* big_heart@2x.png in Resources */ = {isa = PBXBuildFile; fileRef = 7F62EAC81D7C93E6006BDA52 /* big_heart@2x.png */; };
		7F62EB001D7C93E6006BDA52 /* big_heart@3x.png in Resources */ = {isa = PBXBuildFile; fileRef = 7F62EAC91D7C93E6006BDA52 /* big_heart@3x.png */; };
		7F62EB011D7C93E6006BDA52 /* Clock@2x.png in Resources */ = {isa = PBXBuildFile; fileRef = 7F62EACB1D7C93E6006BDA52 /* Clock@2x.png */; };
		7F62EB021D7C93E6006BDA52 /* Clock@3x.png in Resources */ = {isa = PBXBuildFile; fileRef = 7F62EACC1D7C93E6006BDA52 /* Clock@3x.png */; };
		7F62EB031D7C93E6006BDA52 /* closel@2x.png in Resources */ = {isa = PBXBuildFile; fileRef = 7F62EACE1D7C93E6006BDA52 /* closel@2x.png */; };
		7F62EB041D7C93E6006BDA52 /* closel@3x.png in Resources */ = {isa = PBXBuildFile; fileRef = 7F62EACF1D7C93E6006BDA52 /* closel@3x.png */; };
		7F62EB051D7C93E6006BDA52 /* facebook@2x.png in Resources */ = {isa = PBXBuildFile; fileRef = 7F62EAD11D7C93E6006BDA52 /* facebook@2x.png */; };
		7F62EB061D7C93E6006BDA52 /* facebook@3x.png in Resources */ = {isa = PBXBuildFile; fileRef = 7F62EAD21D7C93E6006BDA52 /* facebook@3x.png */; };
		7F62EB071D7C93E6006BDA52 /* like@2x.png in Resources */ = {isa = PBXBuildFile; fileRef = 7F62EAD41D7C93E6006BDA52 /* like@2x.png */; };
		7F62EB081D7C93E6006BDA52 /* like@3x.png in Resources */ = {isa = PBXBuildFile; fileRef = 7F62EAD51D7C93E6006BDA52 /* like@3x.png */; };
		7F62EB091D7C93E6006BDA52 /* popular@2x.png in Resources */ = {isa = PBXBuildFile; fileRef = 7F62EAD71D7C93E6006BDA52 /* popular@2x.png */; };
		7F62EB0A1D7C93E6006BDA52 /* popular@3x.png in Resources */ = {isa = PBXBuildFile; fileRef = 7F62EAD81D7C93E6006BDA52 /* popular@3x.png */; };
		7F62EB0B1D7C93E6006BDA52 /* like_full@2x.png in Resources */ = {isa = PBXBuildFile; fileRef = 7F62EADA1D7C93E6006BDA52 /* like_full@2x.png */; };
		7F62EB0C1D7C93E6006BDA52 /* like_full@3x.png in Resources */ = {isa = PBXBuildFile; fileRef = 7F62EADB1D7C93E6006BDA52 /* like_full@3x.png */; };
		7F62EB0D1D7C93E6006BDA52 /* link@2x.png in Resources */ = {isa = PBXBuildFile; fileRef = 7F62EADD1D7C93E6006BDA52 /* link@2x.png */; };
		7F62EB0E1D7C93E6006BDA52 /* link@3x.png in Resources */ = {isa = PBXBuildFile; fileRef = 7F62EADE1D7C93E6006BDA52 /* link@3x.png */; };
		7F62EB0F1D7C93E6006BDA52 /* mail@2x.png in Resources */ = {isa = PBXBuildFile; fileRef = 7F62EAE01D7C93E6006BDA52 /* mail@2x.png */; };
		7F62EB101D7C93E6006BDA52 /* mail@3x.png in Resources */ = {isa = PBXBuildFile; fileRef = 7F62EAE11D7C93E6006BDA52 /* mail@3x.png */; };
		7F62EB111D7C93E6006BDA52 /* maps_pin@2x.png in Resources */ = {isa = PBXBuildFile; fileRef = 7F62EAE31D7C93E6006BDA52 /* maps_pin@2x.png */; };
		7F62EB121D7C93E6006BDA52 /* maps_pin@3x.png in Resources */ = {isa = PBXBuildFile; fileRef = 7F62EAE41D7C93E6006BDA52 /* maps_pin@3x.png */; };
		7F62EB131D7C93E6006BDA52 /* phone@2x.png in Resources */ = {isa = PBXBuildFile; fileRef = 7F62EAE61D7C93E6006BDA52 /* phone@2x.png */; };
		7F62EB141D7C93E6006BDA52 /* phone@3x.png in Resources */ = {isa = PBXBuildFile; fileRef = 7F62EAE71D7C93E6006BDA52 /* phone@3x.png */; };
		7F62EB151D7C93E6006BDA52 /* Picture1@2x.png in Resources */ = {isa = PBXBuildFile; fileRef = 7F62EAE91D7C93E6006BDA52 /* Picture1@2x.png */; };
		7F62EB161D7C93E6006BDA52 /* Picture1@3x.png in Resources */ = {isa = PBXBuildFile; fileRef = 7F62EAEA1D7C93E6006BDA52 /* Picture1@3x.png */; };
		7F62EB171D7C93E6006BDA52 /* Picture2@2x.png in Resources */ = {isa = PBXBuildFile; fileRef = 7F62EAEC1D7C93E6006BDA52 /* Picture2@2x.png */; };
		7F62EB181D7C93E6006BDA52 /* Picture2@3x.png in Resources */ = {isa = PBXBuildFile; fileRef = 7F62EAED1D7C93E6006BDA52 /* Picture2@3x.png */; };
		7F62EB191D7C93E6006BDA52 /* Picture3@2x.png in Resources */ = {isa = PBXBuildFile; fileRef = 7F62EAEF1D7C93E6006BDA52 /* Picture3@2x.png */; };
		7F62EB1A1D7C93E6006BDA52 /* Picture3@3x.png in Resources */ = {isa = PBXBuildFile; fileRef = 7F62EAF01D7C93E6006BDA52 /* Picture3@3x.png */; };
		7F62EB1B1D7C93E6006BDA52 /* share_littlel@2x.png in Resources */ = {isa = PBXBuildFile; fileRef = 7F62EAF31D7C93E6006BDA52 /* share_littlel@2x.png */; };
		7F62EB1C1D7C93E6006BDA52 /* share_littlel@3x.png in Resources */ = {isa = PBXBuildFile; fileRef = 7F62EAF41D7C93E6006BDA52 /* share_littlel@3x.png */; };
		7F62EB1D1D7C93E6006BDA52 /* share@2x.png in Resources */ = {isa = PBXBuildFile; fileRef = 7F62EAF51D7C93E6006BDA52 /* share@2x.png */; };
		7F62EB1E1D7C93E6006BDA52 /* share@3x.png in Resources */ = {isa = PBXBuildFile; fileRef = 7F62EAF61D7C93E6006BDA52 /* share@3x.png */; };
		7F62EB271D82F0E0006BDA52 /* MasterpiecesCollectionViewCell.m in Sources */ = {isa = PBXBuildFile; fileRef = 7F62EB261D82F0E0006BDA52 /* MasterpiecesCollectionViewCell.m */; };
		7F6A19EB1D795BAC006A1AC2 /* ExhibitionInfoViewController.m in Sources */ = {isa = PBXBuildFile; fileRef = 7F6A19EA1D795BAC006A1AC2 /* ExhibitionInfoViewController.m */; };
		7F714F9D1D8C96E000BE8952 /* EventsModel.m in Sources */ = {isa = PBXBuildFile; fileRef = 7F714F9C1D8C96E000BE8952 /* EventsModel.m */; };
		7F714F9F1D915BC500BE8952 /* Default-568h@2x.png in Resources */ = {isa = PBXBuildFile; fileRef = 7F714F9E1D915BC500BE8952 /* Default-568h@2x.png */; };
		7F714FC81D96D7ED00BE8952 /* APIManager.m in Sources */ = {isa = PBXBuildFile; fileRef = 7F714FC71D96D7ED00BE8952 /* APIManager.m */; };
		7F714FCB1D96DFA700BE8952 /* API.m in Sources */ = {isa = PBXBuildFile; fileRef = 7F714FCA1D96DFA700BE8952 /* API.m */; };
		7F9AF5EA1D72EA70008DDDE2 /* ExhibitionsListViewController.m in Sources */ = {isa = PBXBuildFile; fileRef = 7F9AF5E91D72EA70008DDDE2 /* ExhibitionsListViewController.m */; };
		7F9AF5ED1D72EC75008DDDE2 /* ExhibitionListTableViewCell.m in Sources */ = {isa = PBXBuildFile; fileRef = 7F9AF5EC1D72EC75008DDDE2 /* ExhibitionListTableViewCell.m */; };
		7FEC8A6A1D6A12BB00100465 /* User.m in Sources */ = {isa = PBXBuildFile; fileRef = 7FEC8A691D6A12BB00100465 /* User.m */; };
		7FEEBDCA1D9E5EA5007D19E4 /* ImageLoader.m in Sources */ = {isa = PBXBuildFile; fileRef = 7FEEBDC91D9E5EA5007D19E4 /* ImageLoader.m */; };
		CD1B23415053E82AE39B5F1A /* libPods-Gallery.a in Frameworks */ = {isa = PBXBuildFile; fileRef = 39D090958B0484D33B23D2D9 /* libPods-Gallery.a */; };
/* End PBXBuildFile section */

/* Begin PBXFileReference section */
		39D090958B0484D33B23D2D9 /* libPods-Gallery.a */ = {isa = PBXFileReference; explicitFileType = archive.ar; includeInIndex = 0; path = "libPods-Gallery.a"; sourceTree = BUILT_PRODUCTS_DIR; };
		565C435D7DFD2D16F8CC47AC /* Pods-Gallery.release.xcconfig */ = {isa = PBXFileReference; includeInIndex = 1; lastKnownFileType = text.xcconfig; name = "Pods-Gallery.release.xcconfig"; path = "Pods/Target Support Files/Pods-Gallery/Pods-Gallery.release.xcconfig"; sourceTree = "<group>"; };
		7F367C131D69E1C600B341A9 /* Gallery.app */ = {isa = PBXFileReference; explicitFileType = wrapper.application; includeInIndex = 0; path = Gallery.app; sourceTree = BUILT_PRODUCTS_DIR; };
		7F367C171D69E1C600B341A9 /* main.m */ = {isa = PBXFileReference; lastKnownFileType = sourcecode.c.objc; path = main.m; sourceTree = "<group>"; };
		7F367C191D69E1C600B341A9 /* AppDelegate.h */ = {isa = PBXFileReference; lastKnownFileType = sourcecode.c.h; path = AppDelegate.h; sourceTree = "<group>"; };
		7F367C1A1D69E1C600B341A9 /* AppDelegate.m */ = {isa = PBXFileReference; lastKnownFileType = sourcecode.c.objc; path = AppDelegate.m; sourceTree = "<group>"; };
		7F367C1C1D69E1C600B341A9 /* ViewController.h */ = {isa = PBXFileReference; lastKnownFileType = sourcecode.c.h; path = ViewController.h; sourceTree = "<group>"; };
		7F367C1D1D69E1C600B341A9 /* ViewController.m */ = {isa = PBXFileReference; lastKnownFileType = sourcecode.c.objc; path = ViewController.m; sourceTree = "<group>"; };
		7F367C201D69E1C600B341A9 /* Base */ = {isa = PBXFileReference; lastKnownFileType = file.storyboard; name = Base; path = Base.lproj/Main.storyboard; sourceTree = "<group>"; };
		7F367C221D69E1C600B341A9 /* Assets.xcassets */ = {isa = PBXFileReference; lastKnownFileType = folder.assetcatalog; path = Assets.xcassets; sourceTree = "<group>"; };
		7F367C251D69E1C600B341A9 /* Base */ = {isa = PBXFileReference; lastKnownFileType = file.storyboard; name = Base; path = Base.lproj/LaunchScreen.storyboard; sourceTree = "<group>"; };
		7F367C271D69E1C600B341A9 /* Info.plist */ = {isa = PBXFileReference; lastKnownFileType = text.plist.xml; path = Info.plist; sourceTree = "<group>"; };
		7F367C311D69ED8900B341A9 /* Venue.h */ = {isa = PBXFileReference; fileEncoding = 4; lastKnownFileType = sourcecode.c.h; name = Venue.h; path = Classes/Venue.h; sourceTree = "<group>"; };
		7F367C321D69ED8900B341A9 /* Venue.m */ = {isa = PBXFileReference; fileEncoding = 4; lastKnownFileType = sourcecode.c.objc; name = Venue.m; path = Classes/Venue.m; sourceTree = "<group>"; };
		7F367C341D69EEDB00B341A9 /* Event.h */ = {isa = PBXFileReference; fileEncoding = 4; lastKnownFileType = sourcecode.c.h; name = Event.h; path = Classes/Event.h; sourceTree = "<group>"; };
		7F367C351D69EEDB00B341A9 /* Event.m */ = {isa = PBXFileReference; fileEncoding = 4; lastKnownFileType = sourcecode.c.objc; name = Event.m; path = Classes/Event.m; sourceTree = "<group>"; };
		7F367C3A1D69EFD000B341A9 /* Gallery.h */ = {isa = PBXFileReference; fileEncoding = 4; lastKnownFileType = sourcecode.c.h; name = Gallery.h; path = Classes/Gallery.h; sourceTree = "<group>"; };
		7F367C3B1D69EFD000B341A9 /* Gallery.m */ = {isa = PBXFileReference; fileEncoding = 4; lastKnownFileType = sourcecode.c.objc; name = Gallery.m; path = Classes/Gallery.m; sourceTree = "<group>"; };
		7F367C3D1D69F1F700B341A9 /* Exhibition.h */ = {isa = PBXFileReference; fileEncoding = 4; lastKnownFileType = sourcecode.c.h; name = Exhibition.h; path = Classes/Exhibition.h; sourceTree = "<group>"; };
		7F367C3E1D69F1F700B341A9 /* Exhibition.m */ = {isa = PBXFileReference; fileEncoding = 4; lastKnownFileType = sourcecode.c.objc; name = Exhibition.m; path = Classes/Exhibition.m; sourceTree = "<group>"; };
		7F367C401D69FA6900B341A9 /* Masterpiece.h */ = {isa = PBXFileReference; fileEncoding = 4; lastKnownFileType = sourcecode.c.h; name = Masterpiece.h; path = Classes/Masterpiece.h; sourceTree = "<group>"; };
		7F367C411D69FA6900B341A9 /* Masterpiece.m */ = {isa = PBXFileReference; fileEncoding = 4; lastKnownFileType = sourcecode.c.objc; name = Masterpiece.m; path = Classes/Masterpiece.m; sourceTree = "<group>"; };
		7F62EABC1D7C93E6006BDA52 /* arrow@2x.png */ = {isa = PBXFileReference; lastKnownFileType = image.png; path = "arrow@2x.png"; sourceTree = "<group>"; };
		7F62EABD1D7C93E6006BDA52 /* arrow@3x.png */ = {isa = PBXFileReference; lastKnownFileType = image.png; path = "arrow@3x.png"; sourceTree = "<group>"; };
		7F62EABF1D7C93E6006BDA52 /* arrow_black@2x.png */ = {isa = PBXFileReference; lastKnownFileType = image.png; path = "arrow_black@2x.png"; sourceTree = "<group>"; };
		7F62EAC01D7C93E6006BDA52 /* arrow_black@3x.png */ = {isa = PBXFileReference; lastKnownFileType = image.png; path = "arrow_black@3x.png"; sourceTree = "<group>"; };
		7F62EAC21D7C93E6006BDA52 /* filter_arrow@2x.png */ = {isa = PBXFileReference; lastKnownFileType = image.png; path = "filter_arrow@2x.png"; sourceTree = "<group>"; };
		7F62EAC31D7C93E6006BDA52 /* filter_arrow@3x.png */ = {isa = PBXFileReference; lastKnownFileType = image.png; path = "filter_arrow@3x.png"; sourceTree = "<group>"; };
		7F62EAC51D7C93E6006BDA52 /* back@2x.png */ = {isa = PBXFileReference; lastKnownFileType = image.png; path = "back@2x.png"; sourceTree = "<group>"; };
		7F62EAC61D7C93E6006BDA52 /* back@3x.png */ = {isa = PBXFileReference; lastKnownFileType = image.png; path = "back@3x.png"; sourceTree = "<group>"; };
		7F62EAC81D7C93E6006BDA52 /* big_heart@2x.png */ = {isa = PBXFileReference; lastKnownFileType = image.png; path = "big_heart@2x.png"; sourceTree = "<group>"; };
		7F62EAC91D7C93E6006BDA52 /* big_heart@3x.png */ = {isa = PBXFileReference; lastKnownFileType = image.png; path = "big_heart@3x.png"; sourceTree = "<group>"; };
		7F62EACB1D7C93E6006BDA52 /* Clock@2x.png */ = {isa = PBXFileReference; lastKnownFileType = image.png; path = "Clock@2x.png"; sourceTree = "<group>"; };
		7F62EACC1D7C93E6006BDA52 /* Clock@3x.png */ = {isa = PBXFileReference; lastKnownFileType = image.png; path = "Clock@3x.png"; sourceTree = "<group>"; };
		7F62EACE1D7C93E6006BDA52 /* closel@2x.png */ = {isa = PBXFileReference; lastKnownFileType = image.png; path = "closel@2x.png"; sourceTree = "<group>"; };
		7F62EACF1D7C93E6006BDA52 /* closel@3x.png */ = {isa = PBXFileReference; lastKnownFileType = image.png; path = "closel@3x.png"; sourceTree = "<group>"; };
		7F62EAD11D7C93E6006BDA52 /* facebook@2x.png */ = {isa = PBXFileReference; lastKnownFileType = image.png; path = "facebook@2x.png"; sourceTree = "<group>"; };
		7F62EAD21D7C93E6006BDA52 /* facebook@3x.png */ = {isa = PBXFileReference; lastKnownFileType = image.png; path = "facebook@3x.png"; sourceTree = "<group>"; };
		7F62EAD41D7C93E6006BDA52 /* like@2x.png */ = {isa = PBXFileReference; lastKnownFileType = image.png; path = "like@2x.png"; sourceTree = "<group>"; };
		7F62EAD51D7C93E6006BDA52 /* like@3x.png */ = {isa = PBXFileReference; lastKnownFileType = image.png; path = "like@3x.png"; sourceTree = "<group>"; };
		7F62EAD71D7C93E6006BDA52 /* popular@2x.png */ = {isa = PBXFileReference; lastKnownFileType = image.png; path = "popular@2x.png"; sourceTree = "<group>"; };
		7F62EAD81D7C93E6006BDA52 /* popular@3x.png */ = {isa = PBXFileReference; lastKnownFileType = image.png; path = "popular@3x.png"; sourceTree = "<group>"; };
		7F62EADA1D7C93E6006BDA52 /* like_full@2x.png */ = {isa = PBXFileReference; lastKnownFileType = image.png; path = "like_full@2x.png"; sourceTree = "<group>"; };
		7F62EADB1D7C93E6006BDA52 /* like_full@3x.png */ = {isa = PBXFileReference; lastKnownFileType = image.png; path = "like_full@3x.png"; sourceTree = "<group>"; };
		7F62EADD1D7C93E6006BDA52 /* link@2x.png */ = {isa = PBXFileReference; lastKnownFileType = image.png; path = "link@2x.png"; sourceTree = "<group>"; };
		7F62EADE1D7C93E6006BDA52 /* link@3x.png */ = {isa = PBXFileReference; lastKnownFileType = image.png; path = "link@3x.png"; sourceTree = "<group>"; };
		7F62EAE01D7C93E6006BDA52 /* mail@2x.png */ = {isa = PBXFileReference; lastKnownFileType = image.png; path = "mail@2x.png"; sourceTree = "<group>"; };
		7F62EAE11D7C93E6006BDA52 /* mail@3x.png */ = {isa = PBXFileReference; lastKnownFileType = image.png; path = "mail@3x.png"; sourceTree = "<group>"; };
		7F62EAE31D7C93E6006BDA52 /* maps_pin@2x.png */ = {isa = PBXFileReference; lastKnownFileType = image.png; path = "maps_pin@2x.png"; sourceTree = "<group>"; };
		7F62EAE41D7C93E6006BDA52 /* maps_pin@3x.png */ = {isa = PBXFileReference; lastKnownFileType = image.png; path = "maps_pin@3x.png"; sourceTree = "<group>"; };
		7F62EAE61D7C93E6006BDA52 /* phone@2x.png */ = {isa = PBXFileReference; lastKnownFileType = image.png; path = "phone@2x.png"; sourceTree = "<group>"; };
		7F62EAE71D7C93E6006BDA52 /* phone@3x.png */ = {isa = PBXFileReference; lastKnownFileType = image.png; path = "phone@3x.png"; sourceTree = "<group>"; };
		7F62EAE91D7C93E6006BDA52 /* Picture1@2x.png */ = {isa = PBXFileReference; lastKnownFileType = image.png; path = "Picture1@2x.png"; sourceTree = "<group>"; };
		7F62EAEA1D7C93E6006BDA52 /* Picture1@3x.png */ = {isa = PBXFileReference; lastKnownFileType = image.png; path = "Picture1@3x.png"; sourceTree = "<group>"; };
		7F62EAEC1D7C93E6006BDA52 /* Picture2@2x.png */ = {isa = PBXFileReference; lastKnownFileType = image.png; path = "Picture2@2x.png"; sourceTree = "<group>"; };
		7F62EAED1D7C93E6006BDA52 /* Picture2@3x.png */ = {isa = PBXFileReference; lastKnownFileType = image.png; path = "Picture2@3x.png"; sourceTree = "<group>"; };
		7F62EAEF1D7C93E6006BDA52 /* Picture3@2x.png */ = {isa = PBXFileReference; lastKnownFileType = image.png; path = "Picture3@2x.png"; sourceTree = "<group>"; };
		7F62EAF01D7C93E6006BDA52 /* Picture3@3x.png */ = {isa = PBXFileReference; lastKnownFileType = image.png; path = "Picture3@3x.png"; sourceTree = "<group>"; };
		7F62EAF31D7C93E6006BDA52 /* share_littlel@2x.png */ = {isa = PBXFileReference; lastKnownFileType = image.png; path = "share_littlel@2x.png"; sourceTree = "<group>"; };
		7F62EAF41D7C93E6006BDA52 /* share_littlel@3x.png */ = {isa = PBXFileReference; lastKnownFileType = image.png; path = "share_littlel@3x.png"; sourceTree = "<group>"; };
		7F62EAF51D7C93E6006BDA52 /* share@2x.png */ = {isa = PBXFileReference; lastKnownFileType = image.png; path = "share@2x.png"; sourceTree = "<group>"; };
		7F62EAF61D7C93E6006BDA52 /* share@3x.png */ = {isa = PBXFileReference; lastKnownFileType = image.png; path = "share@3x.png"; sourceTree = "<group>"; };
		7F62EB251D82F0E0006BDA52 /* MasterpiecesCollectionViewCell.h */ = {isa = PBXFileReference; fileEncoding = 4; lastKnownFileType = sourcecode.c.h; path = MasterpiecesCollectionViewCell.h; sourceTree = "<group>"; };
		7F62EB261D82F0E0006BDA52 /* MasterpiecesCollectionViewCell.m */ = {isa = PBXFileReference; fileEncoding = 4; lastKnownFileType = sourcecode.c.objc; path = MasterpiecesCollectionViewCell.m; sourceTree = "<group>"; };
		7F6A19E91D795BAC006A1AC2 /* ExhibitionInfoViewController.h */ = {isa = PBXFileReference; fileEncoding = 4; lastKnownFileType = sourcecode.c.h; path = ExhibitionInfoViewController.h; sourceTree = "<group>"; };
		7F6A19EA1D795BAC006A1AC2 /* ExhibitionInfoViewController.m */ = {isa = PBXFileReference; fileEncoding = 4; lastKnownFileType = sourcecode.c.objc; path = ExhibitionInfoViewController.m; sourceTree = "<group>"; };
		7F714F9B1D8C96E000BE8952 /* EventsModel.h */ = {isa = PBXFileReference; fileEncoding = 4; lastKnownFileType = sourcecode.c.h; path = EventsModel.h; sourceTree = "<group>"; };
		7F714F9C1D8C96E000BE8952 /* EventsModel.m */ = {isa = PBXFileReference; fileEncoding = 4; lastKnownFileType = sourcecode.c.objc; path = EventsModel.m; sourceTree = "<group>"; };
		7F714F9E1D915BC500BE8952 /* Default-568h@2x.png */ = {isa = PBXFileReference; lastKnownFileType = image.png; path = "Default-568h@2x.png"; sourceTree = "<group>"; };
		7F714FC61D96D7ED00BE8952 /* APIManager.h */ = {isa = PBXFileReference; fileEncoding = 4; lastKnownFileType = sourcecode.c.h; path = APIManager.h; sourceTree = "<group>"; };
		7F714FC71D96D7ED00BE8952 /* APIManager.m */ = {isa = PBXFileReference; fileEncoding = 4; lastKnownFileType = sourcecode.c.objc; path = APIManager.m; sourceTree = "<group>"; };
		7F714FC91D96DFA700BE8952 /* API.h */ = {isa = PBXFileReference; fileEncoding = 4; lastKnownFileType = sourcecode.c.h; path = API.h; sourceTree = "<group>"; };
		7F714FCA1D96DFA700BE8952 /* API.m */ = {isa = PBXFileReference; fileEncoding = 4; lastKnownFileType = sourcecode.c.objc; path = API.m; sourceTree = "<group>"; };
		7F9AF5E81D72EA70008DDDE2 /* ExhibitionsListViewController.h */ = {isa = PBXFileReference; fileEncoding = 4; lastKnownFileType = sourcecode.c.h; path = ExhibitionsListViewController.h; sourceTree = "<group>"; };
		7F9AF5E91D72EA70008DDDE2 /* ExhibitionsListViewController.m */ = {isa = PBXFileReference; fileEncoding = 4; lastKnownFileType = sourcecode.c.objc; path = ExhibitionsListViewController.m; sourceTree = "<group>"; };
		7F9AF5EB1D72EC75008DDDE2 /* ExhibitionListTableViewCell.h */ = {isa = PBXFileReference; fileEncoding = 4; lastKnownFileType = sourcecode.c.h; path = ExhibitionListTableViewCell.h; sourceTree = "<group>"; };
		7F9AF5EC1D72EC75008DDDE2 /* ExhibitionListTableViewCell.m */ = {isa = PBXFileReference; fileEncoding = 4; lastKnownFileType = sourcecode.c.objc; path = ExhibitionListTableViewCell.m; sourceTree = "<group>"; };
		7FEC8A681D6A12BB00100465 /* User.h */ = {isa = PBXFileReference; fileEncoding = 4; lastKnownFileType = sourcecode.c.h; name = User.h; path = Classes/User.h; sourceTree = "<group>"; };
		7FEC8A691D6A12BB00100465 /* User.m */ = {isa = PBXFileReference; fileEncoding = 4; lastKnownFileType = sourcecode.c.objc; name = User.m; path = Classes/User.m; sourceTree = "<group>"; };
		7FEEBDC81D9E5EA5007D19E4 /* ImageLoader.h */ = {isa = PBXFileReference; fileEncoding = 4; lastKnownFileType = sourcecode.c.h; path = ImageLoader.h; sourceTree = "<group>"; };
		7FEEBDC91D9E5EA5007D19E4 /* ImageLoader.m */ = {isa = PBXFileReference; fileEncoding = 4; lastKnownFileType = sourcecode.c.objc; path = ImageLoader.m; sourceTree = "<group>"; };
		E33D9DCA02E8A5D703842C9E /* Pods-Gallery.debug.xcconfig */ = {isa = PBXFileReference; includeInIndex = 1; lastKnownFileType = text.xcconfig; name = "Pods-Gallery.debug.xcconfig"; path = "Pods/Target Support Files/Pods-Gallery/Pods-Gallery.debug.xcconfig"; sourceTree = "<group>"; };
/* End PBXFileReference section */

/* Begin PBXFrameworksBuildPhase section */
		7F367C101D69E1C500B341A9 /* Frameworks */ = {
			isa = PBXFrameworksBuildPhase;
			buildActionMask = 2147483647;
			files = (
				CD1B23415053E82AE39B5F1A /* libPods-Gallery.a in Frameworks */,
			);
			runOnlyForDeploymentPostprocessing = 0;
		};
/* End PBXFrameworksBuildPhase section */

/* Begin PBXGroup section */
		0D031B423DA49373BFAB612F /* Pods */ = {
			isa = PBXGroup;
			children = (
				E33D9DCA02E8A5D703842C9E /* Pods-Gallery.debug.xcconfig */,
				565C435D7DFD2D16F8CC47AC /* Pods-Gallery.release.xcconfig */,
			);
			name = Pods;
			sourceTree = "<group>";
		};
		4E2230BDA0ECF82616FBB8C5 /* Frameworks */ = {
			isa = PBXGroup;
			children = (
				39D090958B0484D33B23D2D9 /* libPods-Gallery.a */,
			);
			name = Frameworks;
			sourceTree = "<group>";
		};
		7F367C0A1D69E1C500B341A9 = {
			isa = PBXGroup;
			children = (
				7F714F9E1D915BC500BE8952 /* Default-568h@2x.png */,
				7F367C151D69E1C600B341A9 /* Gallery */,
				7F367C141D69E1C600B341A9 /* Products */,
				0D031B423DA49373BFAB612F /* Pods */,
				4E2230BDA0ECF82616FBB8C5 /* Frameworks */,
			);
			sourceTree = "<group>";
		};
		7F367C141D69E1C600B341A9 /* Products */ = {
			isa = PBXGroup;
			children = (
				7F367C131D69E1C600B341A9 /* Gallery.app */,
			);
			name = Products;
			sourceTree = "<group>";
		};
		7F367C151D69E1C600B341A9 /* Gallery */ = {
			isa = PBXGroup;
			children = (
				7F6A1DD31D7988E3006A1AC2 /* Img */,
				7F367C2D1D69E2A200B341A9 /* AppDelegate */,
				7F367C301D69E2FC00B341A9 /* Classes */,
				7F367C2E1D69E2B800B341A9 /* ViewControllers */,
				7F367C2F1D69E2DB00B341A9 /* Storyboards */,
				7F367C221D69E1C600B341A9 /* Assets.xcassets */,
				7F367C271D69E1C600B341A9 /* Info.plist */,
				7F367C161D69E1C600B341A9 /* Supporting Files */,
			);
			path = Gallery;
			sourceTree = "<group>";
		};
		7F367C161D69E1C600B341A9 /* Supporting Files */ = {
			isa = PBXGroup;
			children = (
				7F367C171D69E1C600B341A9 /* main.m */,
			);
			name = "Supporting Files";
			sourceTree = "<group>";
		};
		7F367C2D1D69E2A200B341A9 /* AppDelegate */ = {
			isa = PBXGroup;
			children = (
				7F367C191D69E1C600B341A9 /* AppDelegate.h */,
				7F367C1A1D69E1C600B341A9 /* AppDelegate.m */,
			);
			name = AppDelegate;
			sourceTree = "<group>";
		};
		7F367C2E1D69E2B800B341A9 /* ViewControllers */ = {
			isa = PBXGroup;
			children = (
				7F367C1C1D69E1C600B341A9 /* ViewController.h */,
				7F367C1D1D69E1C600B341A9 /* ViewController.m */,
				7F9AF5E81D72EA70008DDDE2 /* ExhibitionsListViewController.h */,
				7F9AF5E91D72EA70008DDDE2 /* ExhibitionsListViewController.m */,
				7F6A19E91D795BAC006A1AC2 /* ExhibitionInfoViewController.h */,
				7F6A19EA1D795BAC006A1AC2 /* ExhibitionInfoViewController.m */,
			);
			name = ViewControllers;
			sourceTree = "<group>";
		};
		7F367C2F1D69E2DB00B341A9 /* Storyboards */ = {
			isa = PBXGroup;
			children = (
				7F367C1F1D69E1C600B341A9 /* Main.storyboard */,
				7F367C241D69E1C600B341A9 /* LaunchScreen.storyboard */,
			);
			name = Storyboards;
			sourceTree = "<group>";
		};
		7F367C301D69E2FC00B341A9 /* Classes */ = {
			isa = PBXGroup;
			children = (
				7F714F791D8C1CDE00BE8952 /* DO */,
				7F714F7A1D8C1CF200BE8952 /* API */,
				7FEC8A681D6A12BB00100465 /* User.h */,
				7FEC8A691D6A12BB00100465 /* User.m */,
				7F9AF5EB1D72EC75008DDDE2 /* ExhibitionListTableViewCell.h */,
				7F9AF5EC1D72EC75008DDDE2 /* ExhibitionListTableViewCell.m */,
				7F62EB251D82F0E0006BDA52 /* MasterpiecesCollectionViewCell.h */,
				7F62EB261D82F0E0006BDA52 /* MasterpiecesCollectionViewCell.m */,
				7F714F9B1D8C96E000BE8952 /* EventsModel.h */,
				7F714F9C1D8C96E000BE8952 /* EventsModel.m */,
			);
			name = Classes;
			sourceTree = "<group>";
		};
		7F62EABA1D7C93E6006BDA52 /* Icons */ = {
			isa = PBXGroup;
			children = (
				7F62EABB1D7C93E6006BDA52 /* Arrow */,
				7F62EAC41D7C93E6006BDA52 /* back */,
				7F62EAC71D7C93E6006BDA52 /* Big heart */,
				7F62EACA1D7C93E6006BDA52 /* Clock */,
				7F62EACD1D7C93E6006BDA52 /* close */,
				7F62EAD01D7C93E6006BDA52 /* Facebook */,
				7F62EAD31D7C93E6006BDA52 /* like */,
				7F62EAD91D7C93E6006BDA52 /* like_full */,
				7F62EADC1D7C93E6006BDA52 /* Link */,
				7F62EADF1D7C93E6006BDA52 /* mail */,
				7F62EAE21D7C93E6006BDA52 /* Maps pin */,
				7F62EAE51D7C93E6006BDA52 /* Phone */,
				7F62EAE81D7C93E6006BDA52 /* Picture1 */,
				7F62EAEB1D7C93E6006BDA52 /* Picture2 */,
				7F62EAEE1D7C93E6006BDA52 /* Picture3 */,
				7F62EAF11D7C93E6006BDA52 /* Share */,
			);
			path = Icons;
			sourceTree = "<group>";
		};
		7F62EABB1D7C93E6006BDA52 /* Arrow */ = {
			isa = PBXGroup;
			children = (
				7F62EABC1D7C93E6006BDA52 /* arrow@2x.png */,
				7F62EABD1D7C93E6006BDA52 /* arrow@3x.png */,
				7F62EABE1D7C93E6006BDA52 /* black */,
				7F62EAC11D7C93E6006BDA52 /* filter_arrow */,
			);
			path = Arrow;
			sourceTree = "<group>";
		};
		7F62EABE1D7C93E6006BDA52 /* black */ = {
			isa = PBXGroup;
			children = (
				7F62EABF1D7C93E6006BDA52 /* arrow_black@2x.png */,
				7F62EAC01D7C93E6006BDA52 /* arrow_black@3x.png */,
			);
			path = black;
			sourceTree = "<group>";
		};
		7F62EAC11D7C93E6006BDA52 /* filter_arrow */ = {
			isa = PBXGroup;
			children = (
				7F62EAC21D7C93E6006BDA52 /* filter_arrow@2x.png */,
				7F62EAC31D7C93E6006BDA52 /* filter_arrow@3x.png */,
			);
			path = filter_arrow;
			sourceTree = "<group>";
		};
		7F62EAC41D7C93E6006BDA52 /* back */ = {
			isa = PBXGroup;
			children = (
				7F62EAC51D7C93E6006BDA52 /* back@2x.png */,
				7F62EAC61D7C93E6006BDA52 /* back@3x.png */,
			);
			path = back;
			sourceTree = "<group>";
		};
		7F62EAC71D7C93E6006BDA52 /* Big heart */ = {
			isa = PBXGroup;
			children = (
				7F62EAC81D7C93E6006BDA52 /* big_heart@2x.png */,
				7F62EAC91D7C93E6006BDA52 /* big_heart@3x.png */,
			);
			path = "Big heart";
			sourceTree = "<group>";
		};
		7F62EACA1D7C93E6006BDA52 /* Clock */ = {
			isa = PBXGroup;
			children = (
				7F62EACB1D7C93E6006BDA52 /* Clock@2x.png */,
				7F62EACC1D7C93E6006BDA52 /* Clock@3x.png */,
			);
			path = Clock;
			sourceTree = "<group>";
		};
		7F62EACD1D7C93E6006BDA52 /* close */ = {
			isa = PBXGroup;
			children = (
				7F62EACE1D7C93E6006BDA52 /* closel@2x.png */,
				7F62EACF1D7C93E6006BDA52 /* closel@3x.png */,
			);
			path = close;
			sourceTree = "<group>";
		};
		7F62EAD01D7C93E6006BDA52 /* Facebook */ = {
			isa = PBXGroup;
			children = (
				7F62EAD11D7C93E6006BDA52 /* facebook@2x.png */,
				7F62EAD21D7C93E6006BDA52 /* facebook@3x.png */,
			);
			path = Facebook;
			sourceTree = "<group>";
		};
		7F62EAD31D7C93E6006BDA52 /* like */ = {
			isa = PBXGroup;
			children = (
				7F62EAD41D7C93E6006BDA52 /* like@2x.png */,
				7F62EAD51D7C93E6006BDA52 /* like@3x.png */,
				7F62EAD61D7C93E6006BDA52 /* most popular */,
			);
			path = like;
			sourceTree = "<group>";
		};
		7F62EAD61D7C93E6006BDA52 /* most popular */ = {
			isa = PBXGroup;
			children = (
				7F62EAD71D7C93E6006BDA52 /* popular@2x.png */,
				7F62EAD81D7C93E6006BDA52 /* popular@3x.png */,
			);
			path = "most popular";
			sourceTree = "<group>";
		};
		7F62EAD91D7C93E6006BDA52 /* like_full */ = {
			isa = PBXGroup;
			children = (
				7F62EADA1D7C93E6006BDA52 /* like_full@2x.png */,
				7F62EADB1D7C93E6006BDA52 /* like_full@3x.png */,
			);
			path = like_full;
			sourceTree = "<group>";
		};
		7F62EADC1D7C93E6006BDA52 /* Link */ = {
			isa = PBXGroup;
			children = (
				7F62EADD1D7C93E6006BDA52 /* link@2x.png */,
				7F62EADE1D7C93E6006BDA52 /* link@3x.png */,
			);
			path = Link;
			sourceTree = "<group>";
		};
		7F62EADF1D7C93E6006BDA52 /* mail */ = {
			isa = PBXGroup;
			children = (
				7F62EAE01D7C93E6006BDA52 /* mail@2x.png */,
				7F62EAE11D7C93E6006BDA52 /* mail@3x.png */,
			);
			path = mail;
			sourceTree = "<group>";
		};
		7F62EAE21D7C93E6006BDA52 /* Maps pin */ = {
			isa = PBXGroup;
			children = (
				7F62EAE31D7C93E6006BDA52 /* maps_pin@2x.png */,
				7F62EAE41D7C93E6006BDA52 /* maps_pin@3x.png */,
			);
			path = "Maps pin";
			sourceTree = "<group>";
		};
		7F62EAE51D7C93E6006BDA52 /* Phone */ = {
			isa = PBXGroup;
			children = (
				7F62EAE61D7C93E6006BDA52 /* phone@2x.png */,
				7F62EAE71D7C93E6006BDA52 /* phone@3x.png */,
			);
			path = Phone;
			sourceTree = "<group>";
		};
		7F62EAE81D7C93E6006BDA52 /* Picture1 */ = {
			isa = PBXGroup;
			children = (
				7F62EAE91D7C93E6006BDA52 /* Picture1@2x.png */,
				7F62EAEA1D7C93E6006BDA52 /* Picture1@3x.png */,
			);
			path = Picture1;
			sourceTree = "<group>";
		};
		7F62EAEB1D7C93E6006BDA52 /* Picture2 */ = {
			isa = PBXGroup;
			children = (
				7F62EAEC1D7C93E6006BDA52 /* Picture2@2x.png */,
				7F62EAED1D7C93E6006BDA52 /* Picture2@3x.png */,
			);
			path = Picture2;
			sourceTree = "<group>";
		};
		7F62EAEE1D7C93E6006BDA52 /* Picture3 */ = {
			isa = PBXGroup;
			children = (
				7F62EAEF1D7C93E6006BDA52 /* Picture3@2x.png */,
				7F62EAF01D7C93E6006BDA52 /* Picture3@3x.png */,
			);
			path = Picture3;
			sourceTree = "<group>";
		};
		7F62EAF11D7C93E6006BDA52 /* Share */ = {
			isa = PBXGroup;
			children = (
				7F62EAF21D7C93E6006BDA52 /* little */,
				7F62EAF51D7C93E6006BDA52 /* share@2x.png */,
				7F62EAF61D7C93E6006BDA52 /* share@3x.png */,
			);
			path = Share;
			sourceTree = "<group>";
		};
		7F62EAF21D7C93E6006BDA52 /* little */ = {
			isa = PBXGroup;
			children = (
				7F62EAF31D7C93E6006BDA52 /* share_littlel@2x.png */,
				7F62EAF41D7C93E6006BDA52 /* share_littlel@3x.png */,
			);
			path = little;
			sourceTree = "<group>";
		};
		7F6A1DD31D7988E3006A1AC2 /* Img */ = {
			isa = PBXGroup;
			children = (
				7F62EABA1D7C93E6006BDA52 /* Icons */,
			);
			name = Img;
			sourceTree = "<group>";
		};
		7F714F791D8C1CDE00BE8952 /* DO */ = {
			isa = PBXGroup;
			children = (
				7F367C311D69ED8900B341A9 /* Venue.h */,
				7F367C321D69ED8900B341A9 /* Venue.m */,
				7F367C3A1D69EFD000B341A9 /* Gallery.h */,
				7F367C3B1D69EFD000B341A9 /* Gallery.m */,
				7F367C341D69EEDB00B341A9 /* Event.h */,
				7F367C351D69EEDB00B341A9 /* Event.m */,
				7F367C3D1D69F1F700B341A9 /* Exhibition.h */,
				7F367C3E1D69F1F700B341A9 /* Exhibition.m */,
				7F367C401D69FA6900B341A9 /* Masterpiece.h */,
				7F367C411D69FA6900B341A9 /* Masterpiece.m */,
			);
			name = DO;
			sourceTree = "<group>";
		};
		7F714F7A1D8C1CF200BE8952 /* API */ = {
			isa = PBXGroup;
			children = (
				7F714FC61D96D7ED00BE8952 /* APIManager.h */,
				7F714FC71D96D7ED00BE8952 /* APIManager.m */,
				7F714FC91D96DFA700BE8952 /* API.h */,
				7F714FCA1D96DFA700BE8952 /* API.m */,
				7FEEBDC81D9E5EA5007D19E4 /* ImageLoader.h */,
				7FEEBDC91D9E5EA5007D19E4 /* ImageLoader.m */,
			);
			name = API;
			sourceTree = "<group>";
		};
/* End PBXGroup section */

/* Begin PBXNativeTarget section */
		7F367C121D69E1C500B341A9 /* Gallery */ = {
			isa = PBXNativeTarget;
			buildConfigurationList = 7F367C2A1D69E1C600B341A9 /* Build configuration list for PBXNativeTarget "Gallery" */;
			buildPhases = (
				3548E08ED25DCB7DC5F6EEAD /* [CP] Check Pods Manifest.lock */,
				7F367C0F1D69E1C500B341A9 /* Sources */,
				7F367C101D69E1C500B341A9 /* Frameworks */,
				7F367C111D69E1C500B341A9 /* Resources */,
				D207332047B49F6C5B0496AE /* [CP] Embed Pods Frameworks */,
				546D62487029B8EA9358F3F0 /* [CP] Copy Pods Resources */,
			);
			buildRules = (
			);
			dependencies = (
			);
			name = Gallery;
			productName = Gallery;
			productReference = 7F367C131D69E1C600B341A9 /* Gallery.app */;
			productType = "com.apple.product-type.application";
		};
/* End PBXNativeTarget section */

/* Begin PBXProject section */
		7F367C0B1D69E1C500B341A9 /* Project object */ = {
			isa = PBXProject;
			attributes = {
				LastUpgradeCheck = 0730;
				ORGANIZATIONNAME = fynjy;
				TargetAttributes = {
					7F367C121D69E1C500B341A9 = {
						CreatedOnToolsVersion = 7.3.1;
						DevelopmentTeam = 8Z4963745C;
					};
				};
			};
			buildConfigurationList = 7F367C0E1D69E1C500B341A9 /* Build configuration list for PBXProject "Gallery" */;
			compatibilityVersion = "Xcode 3.2";
			developmentRegion = English;
			hasScannedForEncodings = 0;
			knownRegions = (
				en,
				Base,
			);
			mainGroup = 7F367C0A1D69E1C500B341A9;
			productRefGroup = 7F367C141D69E1C600B341A9 /* Products */;
			projectDirPath = "";
			projectRoot = "";
			targets = (
				7F367C121D69E1C500B341A9 /* Gallery */,
			);
		};
/* End PBXProject section */

/* Begin PBXResourcesBuildPhase section */
		7F367C111D69E1C500B341A9 /* Resources */ = {
			isa = PBXResourcesBuildPhase;
			buildActionMask = 2147483647;
			files = (
				7F367C261D69E1C600B341A9 /* LaunchScreen.storyboard in Resources */,
				7F62EB071D7C93E6006BDA52 /* like@2x.png in Resources */,
				7F62EB191D7C93E6006BDA52 /* Picture3@2x.png in Resources */,
				7F62EB0C1D7C93E6006BDA52 /* like_full@3x.png in Resources */,
				7F62EB161D7C93E6006BDA52 /* Picture1@3x.png in Resources */,
				7F62EB1E1D7C93E6006BDA52 /* share@3x.png in Resources */,
				7F62EB101D7C93E6006BDA52 /* mail@3x.png in Resources */,
				7F62EAFD1D7C93E6006BDA52 /* back@2x.png in Resources */,
				7F62EB171D7C93E6006BDA52 /* Picture2@2x.png in Resources */,
				7F62EAF91D7C93E6006BDA52 /* arrow_black@2x.png in Resources */,
				7F62EAFF1D7C93E6006BDA52 /* big_heart@2x.png in Resources */,
				7F62EB011D7C93E6006BDA52 /* Clock@2x.png in Resources */,
				7F62EB1B1D7C93E6006BDA52 /* share_littlel@2x.png in Resources */,
				7F62EB001D7C93E6006BDA52 /* big_heart@3x.png in Resources */,
				7F62EB151D7C93E6006BDA52 /* Picture1@2x.png in Resources */,
				7F62EB0F1D7C93E6006BDA52 /* mail@2x.png in Resources */,
				7F62EB091D7C93E6006BDA52 /* popular@2x.png in Resources */,
				7F62EB181D7C93E6006BDA52 /* Picture2@3x.png in Resources */,
				7F62EAFB1D7C93E6006BDA52 /* filter_arrow@2x.png in Resources */,
				7F62EB131D7C93E6006BDA52 /* phone@2x.png in Resources */,
				7F62EB141D7C93E6006BDA52 /* phone@3x.png in Resources */,
				7F62EAF81D7C93E6006BDA52 /* arrow@3x.png in Resources */,
				7F367C231D69E1C600B341A9 /* Assets.xcassets in Resources */,
				7F714F9F1D915BC500BE8952 /* Default-568h@2x.png in Resources */,
				7F62EB1D1D7C93E6006BDA52 /* share@2x.png in Resources */,
				7F62EB1C1D7C93E6006BDA52 /* share_littlel@3x.png in Resources */,
				7F62EAFC1D7C93E6006BDA52 /* filter_arrow@3x.png in Resources */,
				7F62EB0E1D7C93E6006BDA52 /* link@3x.png in Resources */,
				7F62EB1A1D7C93E6006BDA52 /* Picture3@3x.png in Resources */,
				7F62EAFA1D7C93E6006BDA52 /* arrow_black@3x.png in Resources */,
				7F62EB021D7C93E6006BDA52 /* Clock@3x.png in Resources */,
				7F62EAFE1D7C93E6006BDA52 /* back@3x.png in Resources */,
				7F62EB0A1D7C93E6006BDA52 /* popular@3x.png in Resources */,
				7F62EB041D7C93E6006BDA52 /* closel@3x.png in Resources */,
				7F62EB121D7C93E6006BDA52 /* maps_pin@3x.png in Resources */,
				7F62EB111D7C93E6006BDA52 /* maps_pin@2x.png in Resources */,
				7F62EB081D7C93E6006BDA52 /* like@3x.png in Resources */,
				7F62EB061D7C93E6006BDA52 /* facebook@3x.png in Resources */,
				7F62EB031D7C93E6006BDA52 /* closel@2x.png in Resources */,
				7F62EB0D1D7C93E6006BDA52 /* link@2x.png in Resources */,
				7F367C211D69E1C600B341A9 /* Main.storyboard in Resources */,
				7F62EB0B1D7C93E6006BDA52 /* like_full@2x.png in Resources */,
				7F62EB051D7C93E6006BDA52 /* facebook@2x.png in Resources */,
				7F62EAF71D7C93E6006BDA52 /* arrow@2x.png in Resources */,
			);
			runOnlyForDeploymentPostprocessing = 0;
		};
/* End PBXResourcesBuildPhase section */

/* Begin PBXShellScriptBuildPhase section */
		3548E08ED25DCB7DC5F6EEAD /* [CP] Check Pods Manifest.lock */ = {
			isa = PBXShellScriptBuildPhase;
			buildActionMask = 2147483647;
			files = (
			);
			inputPaths = (
			);
			name = "[CP] Check Pods Manifest.lock";
			outputPaths = (
			);
			runOnlyForDeploymentPostprocessing = 0;
			shellPath = /bin/sh;
			shellScript = "diff \"${PODS_ROOT}/../Podfile.lock\" \"${PODS_ROOT}/Manifest.lock\" > /dev/null\nif [[ $? != 0 ]] ; then\n    cat << EOM\nerror: The sandbox is not in sync with the Podfile.lock. Run 'pod install' or update your CocoaPods installation.\nEOM\n    exit 1\nfi\n";
			showEnvVarsInLog = 0;
		};
		546D62487029B8EA9358F3F0 /* [CP] Copy Pods Resources */ = {
			isa = PBXShellScriptBuildPhase;
			buildActionMask = 2147483647;
			files = (
			);
			inputPaths = (
			);
			name = "[CP] Copy Pods Resources";
			outputPaths = (
			);
			runOnlyForDeploymentPostprocessing = 0;
			shellPath = /bin/sh;
			shellScript = "\"${SRCROOT}/Pods/Target Support Files/Pods-Gallery/Pods-Gallery-resources.sh\"\n";
			showEnvVarsInLog = 0;
		};
		D207332047B49F6C5B0496AE /* [CP] Embed Pods Frameworks */ = {
			isa = PBXShellScriptBuildPhase;
			buildActionMask = 2147483647;
			files = (
			);
			inputPaths = (
			);
			name = "[CP] Embed Pods Frameworks";
			outputPaths = (
			);
			runOnlyForDeploymentPostprocessing = 0;
			shellPath = /bin/sh;
			shellScript = "\"${SRCROOT}/Pods/Target Support Files/Pods-Gallery/Pods-Gallery-frameworks.sh\"\n";
			showEnvVarsInLog = 0;
		};
/* End PBXShellScriptBuildPhase section */

/* Begin PBXSourcesBuildPhase section */
		7F367C0F1D69E1C500B341A9 /* Sources */ = {
			isa = PBXSourcesBuildPhase;
			buildActionMask = 2147483647;
			files = (
				7F9AF5ED1D72EC75008DDDE2 /* ExhibitionListTableViewCell.m in Sources */,
				7F367C1E1D69E1C600B341A9 /* ViewController.m in Sources */,
				7F714F9D1D8C96E000BE8952 /* EventsModel.m in Sources */,
				7F367C331D69ED8900B341A9 /* Venue.m in Sources */,
				7F367C421D69FA6900B341A9 /* Masterpiece.m in Sources */,
				7F367C3C1D69EFD000B341A9 /* Gallery.m in Sources */,
				7F714FCB1D96DFA700BE8952 /* API.m in Sources */,
				7F367C361D69EEDB00B341A9 /* Event.m in Sources */,
				7F9AF5EA1D72EA70008DDDE2 /* ExhibitionsListViewController.m in Sources */,
				7FEC8A6A1D6A12BB00100465 /* User.m in Sources */,
				7F6A19EB1D795BAC006A1AC2 /* ExhibitionInfoViewController.m in Sources */,
				7FEEBDCA1D9E5EA5007D19E4 /* ImageLoader.m in Sources */,
				7F367C1B1D69E1C600B341A9 /* AppDelegate.m in Sources */,
				7F367C181D69E1C600B341A9 /* main.m in Sources */,
				7F62EB271D82F0E0006BDA52 /* MasterpiecesCollectionViewCell.m in Sources */,
				7F714FC81D96D7ED00BE8952 /* APIManager.m in Sources */,
				7F367C3F1D69F1F700B341A9 /* Exhibition.m in Sources */,
			);
			runOnlyForDeploymentPostprocessing = 0;
		};
/* End PBXSourcesBuildPhase section */

/* Begin PBXVariantGroup section */
		7F367C1F1D69E1C600B341A9 /* Main.storyboard */ = {
			isa = PBXVariantGroup;
			children = (
				7F367C201D69E1C600B341A9 /* Base */,
			);
			name = Main.storyboard;
			sourceTree = "<group>";
		};
		7F367C241D69E1C600B341A9 /* LaunchScreen.storyboard */ = {
			isa = PBXVariantGroup;
			children = (
				7F367C251D69E1C600B341A9 /* Base */,
			);
			name = LaunchScreen.storyboard;
			sourceTree = "<group>";
		};
/* End PBXVariantGroup section */

/* Begin XCBuildConfiguration section */
		7F367C281D69E1C600B341A9 /* Debug */ = {
			isa = XCBuildConfiguration;
			buildSettings = {
				ALWAYS_SEARCH_USER_PATHS = NO;
				CLANG_ANALYZER_NONNULL = YES;
				CLANG_CXX_LANGUAGE_STANDARD = "gnu++0x";
				CLANG_CXX_LIBRARY = "libc++";
				CLANG_ENABLE_MODULES = YES;
				CLANG_ENABLE_OBJC_ARC = YES;
				CLANG_WARN_BOOL_CONVERSION = YES;
				CLANG_WARN_CONSTANT_CONVERSION = YES;
				CLANG_WARN_DIRECT_OBJC_ISA_USAGE = YES_ERROR;
				CLANG_WARN_EMPTY_BODY = YES;
				CLANG_WARN_ENUM_CONVERSION = YES;
				CLANG_WARN_INT_CONVERSION = YES;
				CLANG_WARN_OBJC_ROOT_CLASS = YES_ERROR;
				CLANG_WARN_UNREACHABLE_CODE = YES;
				CLANG_WARN__DUPLICATE_METHOD_MATCH = YES;
				"CODE_SIGN_IDENTITY[sdk=iphoneos*]" = "iPhone Developer";
				COPY_PHASE_STRIP = NO;
				DEBUG_INFORMATION_FORMAT = dwarf;
				ENABLE_STRICT_OBJC_MSGSEND = YES;
				ENABLE_TESTABILITY = YES;
				GCC_C_LANGUAGE_STANDARD = gnu99;
				GCC_DYNAMIC_NO_PIC = NO;
				GCC_NO_COMMON_BLOCKS = YES;
				GCC_OPTIMIZATION_LEVEL = 0;
				GCC_PREPROCESSOR_DEFINITIONS = (
					"DEBUG=1",
					"$(inherited)",
				);
				GCC_WARN_64_TO_32_BIT_CONVERSION = YES;
				GCC_WARN_ABOUT_RETURN_TYPE = YES_ERROR;
				GCC_WARN_UNDECLARED_SELECTOR = YES;
				GCC_WARN_UNINITIALIZED_AUTOS = YES_AGGRESSIVE;
				GCC_WARN_UNUSED_FUNCTION = YES;
				GCC_WARN_UNUSED_VARIABLE = YES;
				IPHONEOS_DEPLOYMENT_TARGET = 9.3;
				MTL_ENABLE_DEBUG_INFO = YES;
				ONLY_ACTIVE_ARCH = YES;
				SDKROOT = iphoneos;
				TARGETED_DEVICE_FAMILY = "1,2";
			};
			name = Debug;
		};
		7F367C291D69E1C600B341A9 /* Release */ = {
			isa = XCBuildConfiguration;
			buildSettings = {
				ALWAYS_SEARCH_USER_PATHS = NO;
				CLANG_ANALYZER_NONNULL = YES;
				CLANG_CXX_LANGUAGE_STANDARD = "gnu++0x";
				CLANG_CXX_LIBRARY = "libc++";
				CLANG_ENABLE_MODULES = YES;
				CLANG_ENABLE_OBJC_ARC = YES;
				CLANG_WARN_BOOL_CONVERSION = YES;
				CLANG_WARN_CONSTANT_CONVERSION = YES;
				CLANG_WARN_DIRECT_OBJC_ISA_USAGE = YES_ERROR;
				CLANG_WARN_EMPTY_BODY = YES;
				CLANG_WARN_ENUM_CONVERSION = YES;
				CLANG_WARN_INT_CONVERSION = YES;
				CLANG_WARN_OBJC_ROOT_CLASS = YES_ERROR;
				CLANG_WARN_UNREACHABLE_CODE = YES;
				CLANG_WARN__DUPLICATE_METHOD_MATCH = YES;
				"CODE_SIGN_IDENTITY[sdk=iphoneos*]" = "iPhone Developer";
				COPY_PHASE_STRIP = NO;
				DEBUG_INFORMATION_FORMAT = "dwarf-with-dsym";
				ENABLE_NS_ASSERTIONS = NO;
				ENABLE_STRICT_OBJC_MSGSEND = YES;
				GCC_C_LANGUAGE_STANDARD = gnu99;
				GCC_NO_COMMON_BLOCKS = YES;
				GCC_WARN_64_TO_32_BIT_CONVERSION = YES;
				GCC_WARN_ABOUT_RETURN_TYPE = YES_ERROR;
				GCC_WARN_UNDECLARED_SELECTOR = YES;
				GCC_WARN_UNINITIALIZED_AUTOS = YES_AGGRESSIVE;
				GCC_WARN_UNUSED_FUNCTION = YES;
				GCC_WARN_UNUSED_VARIABLE = YES;
				IPHONEOS_DEPLOYMENT_TARGET = 9.3;
				MTL_ENABLE_DEBUG_INFO = NO;
				SDKROOT = iphoneos;
				TARGETED_DEVICE_FAMILY = "1,2";
				VALIDATE_PRODUCT = YES;
			};
			name = Release;
		};
		7F367C2B1D69E1C600B341A9 /* Debug */ = {
			isa = XCBuildConfiguration;
			baseConfigurationReference = E33D9DCA02E8A5D703842C9E /* Pods-Gallery.debug.xcconfig */;
			buildSettings = {
				ASSETCATALOG_COMPILER_APPICON_NAME = AppIcon;
				CODE_SIGN_IDENTITY = "iPhone Developer";
				"CODE_SIGN_IDENTITY[sdk=iphoneos*]" = "iPhone Developer";
				INFOPLIST_FILE = Gallery/Info.plist;
				LD_RUNPATH_SEARCH_PATHS = "$(inherited) @executable_path/Frameworks";
				PRODUCT_BUNDLE_IDENTIFIER = anton.aleksieiev.Gallery;
				PRODUCT_NAME = "$(TARGET_NAME)";
				PROVISIONING_PROFILE = "";
			};
			name = Debug;
		};
		7F367C2C1D69E1C600B341A9 /* Release */ = {
			isa = XCBuildConfiguration;
			baseConfigurationReference = 565C435D7DFD2D16F8CC47AC /* Pods-Gallery.release.xcconfig */;
			buildSettings = {
				ASSETCATALOG_COMPILER_APPICON_NAME = AppIcon;
				CODE_SIGN_IDENTITY = "iPhone Developer";
				"CODE_SIGN_IDENTITY[sdk=iphoneos*]" = "iPhone Developer";
				INFOPLIST_FILE = Gallery/Info.plist;
				LD_RUNPATH_SEARCH_PATHS = "$(inherited) @executable_path/Frameworks";
				PRODUCT_BUNDLE_IDENTIFIER = anton.aleksieiev.Gallery;
				PRODUCT_NAME = "$(TARGET_NAME)";
				PROVISIONING_PROFILE = "";
			};
			name = Release;
		};
/* End XCBuildConfiguration section */

/* Begin XCConfigurationList section */
		7F367C0E1D69E1C500B341A9 /* Build configuration list for PBXProject "Gallery" */ = {
			isa = XCConfigurationList;
			buildConfigurations = (
				7F367C281D69E1C600B341A9 /* Debug */,
				7F367C291D69E1C600B341A9 /* Release */,
			);
			defaultConfigurationIsVisible = 0;
			defaultConfigurationName = Release;
		};
		7F367C2A1D69E1C600B341A9 /* Build configuration list for PBXNativeTarget "Gallery" */ = {
			isa = XCConfigurationList;
			buildConfigurations = (
				7F367C2B1D69E1C600B341A9 /* Debug */,
				7F367C2C1D69E1C600B341A9 /* Release */,
			);
			defaultConfigurationIsVisible = 0;
			defaultConfigurationName = Release;
		};
/* End XCConfigurationList section */
	};
	rootObject = 7F367C0B1D69E1C500B341A9 /* Project object */;
}
